// !$*UTF8*$!
{
	archiveVersion = 1;
	classes = {
	};
	objectVersion = 55;
	objects = {

/* Begin PBXBuildFile section */
		781F20DE27D47E9600298EDD /* SimpleToDoList.xcdatamodeld in Sources */ = {isa = PBXBuildFile; fileRef = 781F20CB27D47E9400298EDD /* SimpleToDoList.xcdatamodeld */; };
		781F20DF27D47E9600298EDD /* SimpleToDoList.xcdatamodeld in Sources */ = {isa = PBXBuildFile; fileRef = 781F20CB27D47E9400298EDD /* SimpleToDoList.xcdatamodeld */; };
		781F20E027D47E9600298EDD /* SimpleToDoListApp.swift in Sources */ = {isa = PBXBuildFile; fileRef = 781F20CD27D47E9400298EDD /* SimpleToDoListApp.swift */; };
		781F20E127D47E9600298EDD /* SimpleToDoListApp.swift in Sources */ = {isa = PBXBuildFile; fileRef = 781F20CD27D47E9400298EDD /* SimpleToDoListApp.swift */; };
		781F20E227D47E9600298EDD /* ContentView.swift in Sources */ = {isa = PBXBuildFile; fileRef = 781F20CE27D47E9400298EDD /* ContentView.swift */; };
		781F20E327D47E9600298EDD /* ContentView.swift in Sources */ = {isa = PBXBuildFile; fileRef = 781F20CE27D47E9400298EDD /* ContentView.swift */; };
		781F20E427D47E9600298EDD /* Persistence.swift in Sources */ = {isa = PBXBuildFile; fileRef = 781F20CF27D47E9400298EDD /* Persistence.swift */; };
		781F20E527D47E9600298EDD /* Persistence.swift in Sources */ = {isa = PBXBuildFile; fileRef = 781F20CF27D47E9400298EDD /* Persistence.swift */; };
		781F20E627D47E9600298EDD /* Assets.xcassets in Resources */ = {isa = PBXBuildFile; fileRef = 781F20D027D47E9600298EDD /* Assets.xcassets */; };
		781F20E727D47E9600298EDD /* Assets.xcassets in Resources */ = {isa = PBXBuildFile; fileRef = 781F20D027D47E9600298EDD /* Assets.xcassets */; };
		781F20F227D47F8800298EDD /* SimpleToDoModel.xcdatamodeld in Sources */ = {isa = PBXBuildFile; fileRef = 781F20F027D47F8800298EDD /* SimpleToDoModel.xcdatamodeld */; };
		781F20F327D47F8800298EDD /* SimpleToDoModel.xcdatamodeld in Sources */ = {isa = PBXBuildFile; fileRef = 781F20F027D47F8800298EDD /* SimpleToDoModel.xcdatamodeld */; };
		781F20F627D480FC00298EDD /* CoreDateManager.swift in Sources */ = {isa = PBXBuildFile; fileRef = 781F20F527D480FC00298EDD /* CoreDateManager.swift */; };
		781F20F727D480FC00298EDD /* CoreDateManager.swift in Sources */ = {isa = PBXBuildFile; fileRef = 781F20F527D480FC00298EDD /* CoreDateManager.swift */; };
/* End PBXBuildFile section */

/* Begin PBXFileReference section */
		781F20CC27D47E9400298EDD /* Shared.xcdatamodel */ = {isa = PBXFileReference; lastKnownFileType = wrapper.xcdatamodel; path = Shared.xcdatamodel; sourceTree = "<group>"; };
		781F20CD27D47E9400298EDD /* SimpleToDoListApp.swift */ = {isa = PBXFileReference; lastKnownFileType = sourcecode.swift; path = SimpleToDoListApp.swift; sourceTree = "<group>"; };
		781F20CE27D47E9400298EDD /* ContentView.swift */ = {isa = PBXFileReference; lastKnownFileType = sourcecode.swift; path = ContentView.swift; sourceTree = "<group>"; };
		781F20CF27D47E9400298EDD /* Persistence.swift */ = {isa = PBXFileReference; lastKnownFileType = sourcecode.swift; path = Persistence.swift; sourceTree = "<group>"; };
		781F20D027D47E9600298EDD /* Assets.xcassets */ = {isa = PBXFileReference; lastKnownFileType = folder.assetcatalog; path = Assets.xcassets; sourceTree = "<group>"; };
		781F20D527D47E9600298EDD /* SimpleToDoList.app */ = {isa = PBXFileReference; explicitFileType = wrapper.application; includeInIndex = 0; path = SimpleToDoList.app; sourceTree = BUILT_PRODUCTS_DIR; };
		781F20DB27D47E9600298EDD /* SimpleToDoList.app */ = {isa = PBXFileReference; explicitFileType = wrapper.application; includeInIndex = 0; path = SimpleToDoList.app; sourceTree = BUILT_PRODUCTS_DIR; };
		781F20DD27D47E9600298EDD /* macOS.entitlements */ = {isa = PBXFileReference; lastKnownFileType = text.plist.entitlements; path = macOS.entitlements; sourceTree = "<group>"; };
		781F20F127D47F8800298EDD /* SimpleToDoModel.xcdatamodel */ = {isa = PBXFileReference; lastKnownFileType = wrapper.xcdatamodel; path = SimpleToDoModel.xcdatamodel; sourceTree = "<group>"; };
		781F20F527D480FC00298EDD /* CoreDateManager.swift */ = {isa = PBXFileReference; lastKnownFileType = sourcecode.swift; path = CoreDateManager.swift; sourceTree = "<group>"; };
/* End PBXFileReference section */

/* Begin PBXFrameworksBuildPhase section */
		781F20D227D47E9600298EDD /* Frameworks */ = {
			isa = PBXFrameworksBuildPhase;
			buildActionMask = 2147483647;
			files = (
			);
			runOnlyForDeploymentPostprocessing = 0;
		};
		781F20D827D47E9600298EDD /* Frameworks */ = {
			isa = PBXFrameworksBuildPhase;
			buildActionMask = 2147483647;
			files = (
			);
			runOnlyForDeploymentPostprocessing = 0;
		};
/* End PBXFrameworksBuildPhase section */

/* Begin PBXGroup section */
		781F20C527D47E9300298EDD = {
			isa = PBXGroup;
			children = (
				781F20CA27D47E9300298EDD /* Shared */,
				781F20DC27D47E9600298EDD /* macOS */,
				781F20D627D47E9600298EDD /* Products */,
			);
			sourceTree = "<group>";
		};
		781F20CA27D47E9300298EDD /* Shared */ = {
			isa = PBXGroup;
			children = (
				781F20F427D480B000298EDD /* Managers */,
				781F20CD27D47E9400298EDD /* SimpleToDoListApp.swift */,
				781F20CE27D47E9400298EDD /* ContentView.swift */,
				781F20CF27D47E9400298EDD /* Persistence.swift */,
				781F20D027D47E9600298EDD /* Assets.xcassets */,
				781F20CB27D47E9400298EDD /* SimpleToDoList.xcdatamodeld */,
				781F20F027D47F8800298EDD /* SimpleToDoModel.xcdatamodeld */,
			);
			path = Shared;
			sourceTree = "<group>";
		};
		781F20D627D47E9600298EDD /* Products */ = {
			isa = PBXGroup;
			children = (
				781F20D527D47E9600298EDD /* SimpleToDoList.app */,
				781F20DB27D47E9600298EDD /* SimpleToDoList.app */,
			);
			name = Products;
			sourceTree = "<group>";
		};
		781F20DC27D47E9600298EDD /* macOS */ = {
			isa = PBXGroup;
			children = (
				781F20DD27D47E9600298EDD /* macOS.entitlements */,
			);
			path = macOS;
			sourceTree = "<group>";
		};
		781F20F427D480B000298EDD /* Managers */ = {
			isa = PBXGroup;
			children = (
				781F20F527D480FC00298EDD /* CoreDateManager.swift */,
			);
			path = Managers;
			sourceTree = "<group>";
		};
/* End PBXGroup section */

/* Begin PBXNativeTarget section */
		781F20D427D47E9600298EDD /* SimpleToDoList (iOS) */ = {
			isa = PBXNativeTarget;
			buildConfigurationList = 781F20EA27D47E9600298EDD /* Build configuration list for PBXNativeTarget "SimpleToDoList (iOS)" */;
			buildPhases = (
				781F20D127D47E9600298EDD /* Sources */,
				781F20D227D47E9600298EDD /* Frameworks */,
				781F20D327D47E9600298EDD /* Resources */,
			);
			buildRules = (
			);
			dependencies = (
			);
			name = "SimpleToDoList (iOS)";
			productName = "SimpleToDoList (iOS)";
			productReference = 781F20D527D47E9600298EDD /* SimpleToDoList.app */;
			productType = "com.apple.product-type.application";
		};
		781F20DA27D47E9600298EDD /* SimpleToDoList (macOS) */ = {
			isa = PBXNativeTarget;
			buildConfigurationList = 781F20ED27D47E9600298EDD /* Build configuration list for PBXNativeTarget "SimpleToDoList (macOS)" */;
			buildPhases = (
				781F20D727D47E9600298EDD /* Sources */,
				781F20D827D47E9600298EDD /* Frameworks */,
				781F20D927D47E9600298EDD /* Resources */,
			);
			buildRules = (
			);
			dependencies = (
			);
			name = "SimpleToDoList (macOS)";
			productName = "SimpleToDoList (macOS)";
			productReference = 781F20DB27D47E9600298EDD /* SimpleToDoList.app */;
			productType = "com.apple.product-type.application";
		};
/* End PBXNativeTarget section */

/* Begin PBXProject section */
		781F20C627D47E9300298EDD /* Project object */ = {
			isa = PBXProject;
			attributes = {
				BuildIndependentTargetsInParallel = 1;
				LastSwiftUpdateCheck = 1320;
				LastUpgradeCheck = 1320;
				TargetAttributes = {
					781F20D427D47E9600298EDD = {
						CreatedOnToolsVersion = 13.2.1;
					};
					781F20DA27D47E9600298EDD = {
						CreatedOnToolsVersion = 13.2.1;
					};
				};
			};
			buildConfigurationList = 781F20C927D47E9300298EDD /* Build configuration list for PBXProject "SimpleToDoList" */;
			compatibilityVersion = "Xcode 13.0";
			developmentRegion = en;
			hasScannedForEncodings = 0;
			knownRegions = (
				en,
				Base,
			);
			mainGroup = 781F20C527D47E9300298EDD;
			productRefGroup = 781F20D627D47E9600298EDD /* Products */;
			projectDirPath = "";
			projectRoot = "";
			targets = (
				781F20D427D47E9600298EDD /* SimpleToDoList (iOS) */,
				781F20DA27D47E9600298EDD /* SimpleToDoList (macOS) */,
			);
		};
/* End PBXProject section */

/* Begin PBXResourcesBuildPhase section */
		781F20D327D47E9600298EDD /* Resources */ = {
			isa = PBXResourcesBuildPhase;
			buildActionMask = 2147483647;
			files = (
				781F20E627D47E9600298EDD /* Assets.xcassets in Resources */,
			);
			runOnlyForDeploymentPostprocessing = 0;
		};
		781F20D927D47E9600298EDD /* Resources */ = {
			isa = PBXResourcesBuildPhase;
			buildActionMask = 2147483647;
			files = (
				781F20E727D47E9600298EDD /* Assets.xcassets in Resources */,
			);
			runOnlyForDeploymentPostprocessing = 0;
		};
/* End PBXResourcesBuildPhase section */

/* Begin PBXSourcesBuildPhase section */
		781F20D127D47E9600298EDD /* Sources */ = {
			isa = PBXSourcesBuildPhase;
			buildActionMask = 2147483647;
			files = (
				781F20F627D480FC00298EDD /* CoreDateManager.swift in Sources */,
				781F20F227D47F8800298EDD /* SimpleToDoModel.xcdatamodeld in Sources */,
				781F20DE27D47E9600298EDD /* SimpleToDoList.xcdatamodeld in Sources */,
				781F20E427D47E9600298EDD /* Persistence.swift in Sources */,
				781F20E027D47E9600298EDD /* SimpleToDoListApp.swift in Sources */,
				781F20E227D47E9600298EDD /* ContentView.swift in Sources */,
			);
			runOnlyForDeploymentPostprocessing = 0;
		};
		781F20D727D47E9600298EDD /* Sources */ = {
			isa = PBXSourcesBuildPhase;
			buildActionMask = 2147483647;
			files = (
				781F20F727D480FC00298EDD /* CoreDateManager.swift in Sources */,
				781F20F327D47F8800298EDD /* SimpleToDoModel.xcdatamodeld in Sources */,
				781F20DF27D47E9600298EDD /* SimpleToDoList.xcdatamodeld in Sources */,
				781F20E527D47E9600298EDD /* Persistence.swift in Sources */,
				781F20E127D47E9600298EDD /* SimpleToDoListApp.swift in Sources */,
				781F20E327D47E9600298EDD /* ContentView.swift in Sources */,
			);
			runOnlyForDeploymentPostprocessing = 0;
		};
/* End PBXSourcesBuildPhase section */

/* Begin XCBuildConfiguration section */
		781F20E827D47E9600298EDD /* Debug */ = {
			isa = XCBuildConfiguration;
			buildSettings = {
				ALWAYS_SEARCH_USER_PATHS = NO;
				CLANG_ANALYZER_NONNULL = YES;
				CLANG_ANALYZER_NUMBER_OBJECT_CONVERSION = YES_AGGRESSIVE;
				CLANG_CXX_LANGUAGE_STANDARD = "gnu++17";
				CLANG_CXX_LIBRARY = "libc++";
				CLANG_ENABLE_MODULES = YES;
				CLANG_ENABLE_OBJC_ARC = YES;
				CLANG_ENABLE_OBJC_WEAK = YES;
				CLANG_WARN_BLOCK_CAPTURE_AUTORELEASING = YES;
				CLANG_WARN_BOOL_CONVERSION = YES;
				CLANG_WARN_COMMA = YES;
				CLANG_WARN_CONSTANT_CONVERSION = YES;
				CLANG_WARN_DEPRECATED_OBJC_IMPLEMENTATIONS = YES;
				CLANG_WARN_DIRECT_OBJC_ISA_USAGE = YES_ERROR;
				CLANG_WARN_DOCUMENTATION_COMMENTS = YES;
				CLANG_WARN_EMPTY_BODY = YES;
				CLANG_WARN_ENUM_CONVERSION = YES;
				CLANG_WARN_INFINITE_RECURSION = YES;
				CLANG_WARN_INT_CONVERSION = YES;
				CLANG_WARN_NON_LITERAL_NULL_CONVERSION = YES;
				CLANG_WARN_OBJC_IMPLICIT_RETAIN_SELF = YES;
				CLANG_WARN_OBJC_LITERAL_CONVERSION = YES;
				CLANG_WARN_OBJC_ROOT_CLASS = YES_ERROR;
				CLANG_WARN_QUOTED_INCLUDE_IN_FRAMEWORK_HEADER = YES;
				CLANG_WARN_RANGE_LOOP_ANALYSIS = YES;
				CLANG_WARN_STRICT_PROTOTYPES = YES;
				CLANG_WARN_SUSPICIOUS_MOVE = YES;
				CLANG_WARN_UNGUARDED_AVAILABILITY = YES_AGGRESSIVE;
				CLANG_WARN_UNREACHABLE_CODE = YES;
				CLANG_WARN__DUPLICATE_METHOD_MATCH = YES;
				COPY_PHASE_STRIP = NO;
				DEBUG_INFORMATION_FORMAT = dwarf;
				ENABLE_STRICT_OBJC_MSGSEND = YES;
				ENABLE_TESTABILITY = YES;
				GCC_C_LANGUAGE_STANDARD = gnu11;
				GCC_DYNAMIC_NO_PIC = NO;
				GCC_NO_COMMON_BLOCKS = YES;
				GCC_OPTIMIZATION_LEVEL = 0;
				GCC_PREPROCESSOR_DEFINITIONS = (
					"DEBUG=1",
					"$(inherited)",
				);
				GCC_WARN_64_TO_32_BIT_CONVERSION = YES;
				GCC_WARN_ABOUT_RETURN_TYPE = YES_ERROR;
				GCC_WARN_UNDECLARED_SELECTOR = YES;
				GCC_WARN_UNINITIALIZED_AUTOS = YES_AGGRESSIVE;
				GCC_WARN_UNUSED_FUNCTION = YES;
				GCC_WARN_UNUSED_VARIABLE = YES;
				MTL_ENABLE_DEBUG_INFO = INCLUDE_SOURCE;
				MTL_FAST_MATH = YES;
				ONLY_ACTIVE_ARCH = YES;
				SWIFT_ACTIVE_COMPILATION_CONDITIONS = DEBUG;
				SWIFT_OPTIMIZATION_LEVEL = "-Onone";
			};
			name = Debug;
		};
		781F20E927D47E9600298EDD /* Release */ = {
			isa = XCBuildConfiguration;
			buildSettings = {
				ALWAYS_SEARCH_USER_PATHS = NO;
				CLANG_ANALYZER_NONNULL = YES;
				CLANG_ANALYZER_NUMBER_OBJECT_CONVERSION = YES_AGGRESSIVE;
				CLANG_CXX_LANGUAGE_STANDARD = "gnu++17";
				CLANG_CXX_LIBRARY = "libc++";
				CLANG_ENABLE_MODULES = YES;
				CLANG_ENABLE_OBJC_ARC = YES;
				CLANG_ENABLE_OBJC_WEAK = YES;
				CLANG_WARN_BLOCK_CAPTURE_AUTORELEASING = YES;
				CLANG_WARN_BOOL_CONVERSION = YES;
				CLANG_WARN_COMMA = YES;
				CLANG_WARN_CONSTANT_CONVERSION = YES;
				CLANG_WARN_DEPRECATED_OBJC_IMPLEMENTATIONS = YES;
				CLANG_WARN_DIRECT_OBJC_ISA_USAGE = YES_ERROR;
				CLANG_WARN_DOCUMENTATION_COMMENTS = YES;
				CLANG_WARN_EMPTY_BODY = YES;
				CLANG_WARN_ENUM_CONVERSION = YES;
				CLANG_WARN_INFINITE_RECURSION = YES;
				CLANG_WARN_INT_CONVERSION = YES;
				CLANG_WARN_NON_LITERAL_NULL_CONVERSION = YES;
				CLANG_WARN_OBJC_IMPLICIT_RETAIN_SELF = YES;
				CLANG_WARN_OBJC_LITERAL_CONVERSION = YES;
				CLANG_WARN_OBJC_ROOT_CLASS = YES_ERROR;
				CLANG_WARN_QUOTED_INCLUDE_IN_FRAMEWORK_HEADER = YES;
				CLANG_WARN_RANGE_LOOP_ANALYSIS = YES;
				CLANG_WARN_STRICT_PROTOTYPES = YES;
				CLANG_WARN_SUSPICIOUS_MOVE = YES;
				CLANG_WARN_UNGUARDED_AVAILABILITY = YES_AGGRESSIVE;
				CLANG_WARN_UNREACHABLE_CODE = YES;
				CLANG_WARN__DUPLICATE_METHOD_MATCH = YES;
				COPY_PHASE_STRIP = NO;
				DEBUG_INFORMATION_FORMAT = "dwarf-with-dsym";
				ENABLE_NS_ASSERTIONS = NO;
				ENABLE_STRICT_OBJC_MSGSEND = YES;
				GCC_C_LANGUAGE_STANDARD = gnu11;
				GCC_NO_COMMON_BLOCKS = YES;
				GCC_WARN_64_TO_32_BIT_CONVERSION = YES;
				GCC_WARN_ABOUT_RETURN_TYPE = YES_ERROR;
				GCC_WARN_UNDECLARED_SELECTOR = YES;
				GCC_WARN_UNINITIALIZED_AUTOS = YES_AGGRESSIVE;
				GCC_WARN_UNUSED_FUNCTION = YES;
				GCC_WARN_UNUSED_VARIABLE = YES;
				MTL_ENABLE_DEBUG_INFO = NO;
				MTL_FAST_MATH = YES;
				SWIFT_COMPILATION_MODE = wholemodule;
				SWIFT_OPTIMIZATION_LEVEL = "-O";
			};
			name = Release;
		};
		781F20EB27D47E9600298EDD /* Debug */ = {
			isa = XCBuildConfiguration;
			buildSettings = {
				ASSETCATALOG_COMPILER_APPICON_NAME = AppIcon;
				ASSETCATALOG_COMPILER_GLOBAL_ACCENT_COLOR_NAME = AccentColor;
				CODE_SIGN_STYLE = Automatic;
				CURRENT_PROJECT_VERSION = 1;
				ENABLE_PREVIEWS = YES;
				GENERATE_INFOPLIST_FILE = YES;
				INFOPLIST_KEY_UIApplicationSceneManifest_Generation = YES;
				INFOPLIST_KEY_UIApplicationSupportsIndirectInputEvents = YES;
				INFOPLIST_KEY_UILaunchScreen_Generation = YES;
				INFOPLIST_KEY_UISupportedInterfaceOrientations_iPad = "UIInterfaceOrientationPortrait UIInterfaceOrientationPortraitUpsideDown UIInterfaceOrientationLandscapeLeft UIInterfaceOrientationLandscapeRight";
				INFOPLIST_KEY_UISupportedInterfaceOrientations_iPhone = "UIInterfaceOrientationPortrait UIInterfaceOrientationLandscapeLeft UIInterfaceOrientationLandscapeRight";
				IPHONEOS_DEPLOYMENT_TARGET = 15.2;
				LD_RUNPATH_SEARCH_PATHS = (
					"$(inherited)",
					"@executable_path/Frameworks",
				);
				MARKETING_VERSION = 1.0;
				PRODUCT_BUNDLE_IDENTIFIER = abay.SimpleToDoList;
				PRODUCT_NAME = SimpleToDoList;
				SDKROOT = iphoneos;
				SWIFT_EMIT_LOC_STRINGS = YES;
				SWIFT_VERSION = 5.0;
				TARGETED_DEVICE_FAMILY = "1,2";
			};
			name = Debug;
		};
		781F20EC27D47E9600298EDD /* Release */ = {
			isa = XCBuildConfiguration;
			buildSettings = {
				ASSETCATALOG_COMPILER_APPICON_NAME = AppIcon;
				ASSETCATALOG_COMPILER_GLOBAL_ACCENT_COLOR_NAME = AccentColor;
				CODE_SIGN_STYLE = Automatic;
				CURRENT_PROJECT_VERSION = 1;
				ENABLE_PREVIEWS = YES;
				GENERATE_INFOPLIST_FILE = YES;
				INFOPLIST_KEY_UIApplicationSceneManifest_Generation = YES;
				INFOPLIST_KEY_UIApplicationSupportsIndirectInputEvents = YES;
				INFOPLIST_KEY_UILaunchScreen_Generation = YES;
				INFOPLIST_KEY_UISupportedInterfaceOrientations_iPad = "UIInterfaceOrientationPortrait UIInterfaceOrientationPortraitUpsideDown UIInterfaceOrientationLandscapeLeft UIInterfaceOrientationLandscapeRight";
				INFOPLIST_KEY_UISupportedInterfaceOrientations_iPhone = "UIInterfaceOrientationPortrait UIInterfaceOrientationLandscapeLeft UIInterfaceOrientationLandscapeRight";
				IPHONEOS_DEPLOYMENT_TARGET = 15.2;
				LD_RUNPATH_SEARCH_PATHS = (
					"$(inherited)",
					"@executable_path/Frameworks",
				);
				MARKETING_VERSION = 1.0;
				PRODUCT_BUNDLE_IDENTIFIER = abay.SimpleToDoList;
				PRODUCT_NAME = SimpleToDoList;
				SDKROOT = iphoneos;
				SWIFT_EMIT_LOC_STRINGS = YES;
				SWIFT_VERSION = 5.0;
				TARGETED_DEVICE_FAMILY = "1,2";
				VALIDATE_PRODUCT = YES;
			};
			name = Release;
		};
		781F20EE27D47E9600298EDD /* Debug */ = {
			isa = XCBuildConfiguration;
			buildSettings = {
				ASSETCATALOG_COMPILER_APPICON_NAME = AppIcon;
				ASSETCATALOG_COMPILER_GLOBAL_ACCENT_COLOR_NAME = AccentColor;
				CODE_SIGN_ENTITLEMENTS = macOS/macOS.entitlements;
				CODE_SIGN_STYLE = Automatic;
				COMBINE_HIDPI_IMAGES = YES;
				CURRENT_PROJECT_VERSION = 1;
				ENABLE_PREVIEWS = YES;
				GENERATE_INFOPLIST_FILE = YES;
				INFOPLIST_KEY_NSHumanReadableCopyright = "";
				LD_RUNPATH_SEARCH_PATHS = (
					"$(inherited)",
					"@executable_path/../Frameworks",
				);
				MACOSX_DEPLOYMENT_TARGET = 12.1;
				MARKETING_VERSION = 1.0;
				PRODUCT_BUNDLE_IDENTIFIER = abay.SimpleToDoList;
				PRODUCT_NAME = SimpleToDoList;
				SDKROOT = macosx;
				SWIFT_EMIT_LOC_STRINGS = YES;
				SWIFT_VERSION = 5.0;
			};
			name = Debug;
		};
		781F20EF27D47E9600298EDD /* Release */ = {
			isa = XCBuildConfiguration;
			buildSettings = {
				ASSETCATALOG_COMPILER_APPICON_NAME = AppIcon;
				ASSETCATALOG_COMPILER_GLOBAL_ACCENT_COLOR_NAME = AccentColor;
				CODE_SIGN_ENTITLEMENTS = macOS/macOS.entitlements;
				CODE_SIGN_STYLE = Automatic;
				COMBINE_HIDPI_IMAGES = YES;
				CURRENT_PROJECT_VERSION = 1;
				ENABLE_PREVIEWS = YES;
				GENERATE_INFOPLIST_FILE = YES;
				INFOPLIST_KEY_NSHumanReadableCopyright = "";
				LD_RUNPATH_SEARCH_PATHS = (
					"$(inherited)",
					"@executable_path/../Frameworks",
				);
				MACOSX_DEPLOYMENT_TARGET = 12.1;
				MARKETING_VERSION = 1.0;
				PRODUCT_BUNDLE_IDENTIFIER = abay.SimpleToDoList;
				PRODUCT_NAME = SimpleToDoList;
				SDKROOT = macosx;
				SWIFT_EMIT_LOC_STRINGS = YES;
				SWIFT_VERSION = 5.0;
			};
			name = Release;
		};
/* End XCBuildConfiguration section */

/* Begin XCConfigurationList section */
		781F20C927D47E9300298EDD /* Build configuration list for PBXProject "SimpleToDoList" */ = {
			isa = XCConfigurationList;
			buildConfigurations = (
				781F20E827D47E9600298EDD /* Debug */,
				781F20E927D47E9600298EDD /* Release */,
			);
			defaultConfigurationIsVisible = 0;
			defaultConfigurationName = Release;
		};
		781F20EA27D47E9600298EDD /* Build configuration list for PBXNativeTarget "SimpleToDoList (iOS)" */ = {
			isa = XCConfigurationList;
			buildConfigurations = (
				781F20EB27D47E9600298EDD /* Debug */,
				781F20EC27D47E9600298EDD /* Release */,
			);
			defaultConfigurationIsVisible = 0;
			defaultConfigurationName = Release;
		};
		781F20ED27D47E9600298EDD /* Build configuration list for PBXNativeTarget "SimpleToDoList (macOS)" */ = {
			isa = XCConfigurationList;
			buildConfigurations = (
				781F20EE27D47E9600298EDD /* Debug */,
				781F20EF27D47E9600298EDD /* Release */,
			);
			defaultConfigurationIsVisible = 0;
			defaultConfigurationName = Release;
		};
/* End XCConfigurationList section */

/* Begin XCVersionGroup section */
		781F20CB27D47E9400298EDD /* SimpleToDoList.xcdatamodeld */ = {
			isa = XCVersionGroup;
			children = (
				781F20CC27D47E9400298EDD /* Shared.xcdatamodel */,
			);
			currentVersion = 781F20CC27D47E9400298EDD /* Shared.xcdatamodel */;
			path = SimpleToDoList.xcdatamodeld;
			sourceTree = "<group>";
			versionGroupType = wrapper.xcdatamodel;
		};
		781F20F027D47F8800298EDD /* SimpleToDoModel.xcdatamodeld */ = {
			isa = XCVersionGroup;
			children = (
				781F20F127D47F8800298EDD /* SimpleToDoModel.xcdatamodel */,
			);
			currentVersion = 781F20F127D47F8800298EDD /* SimpleToDoModel.xcdatamodel */;
			name = SimpleToDoModel.xcdatamodeld;
			path = ../SimpleToDoModel.xcdatamodeld;
			sourceTree = "<group>";
			versionGroupType = wrapper.xcdatamodel;
		};
/* End XCVersionGroup section */
	};
	rootObject = 781F20C627D47E9300298EDD /* Project object */;
}
